{
  "name": "@epicgames-ps/mediasoup-sdp-bridge",
  "version": "3.6.5",
  "lockfileVersion": 3,
  "requires": true,
  "packages": {
    "": {
      "name": "@epicgames-ps/mediasoup-sdp-bridge",
      "version": "3.6.5",
      "license": "ISC",
      "dependencies": {
        "@epicgames-ps/mediasoup-sdp-bridge": "file:",
        "mediasoup-client": "^3.6.41"
      },
      "engines": {
        "node": ">=10"
      },
      "funding": {
        "type": "opencollective",
        "url": "https://opencollective.com/mediasoup"
      }
    },
    "node_modules/@epicgames-ps/mediasoup-sdp-bridge": {
      "resolved": "",
      "link": true
    },
    "node_modules/@types/debug": {
      "version": "4.1.12",
      "resolved": "https://registry.npmjs.org/@types/debug/-/debug-4.1.12.tgz",
      "integrity": "sha512-vIChWdVG3LG1SMxEvI/AK+FWJthlrqlTu7fbrlywTkkaONwk/UAGaULXRlf8vkzFBLVm0zkMdCquhL5aOjhXPQ==",
      "license": "MIT",
      "dependencies": {
        "@types/ms": "*"
      }
    },
    "node_modules/@types/ms": {
      "version": "0.7.34",
      "resolved": "https://registry.npmjs.org/@types/ms/-/ms-0.7.34.tgz",
      "integrity": "sha512-nG96G3Wp6acyAgJqGasjODb+acrI7KltPiRxzHPXnP3NgI28bpQDRv53olbqGXbfcgF5aiiHmO3xpwEpS5Ld9g==",
      "license": "MIT"
    },
    "node_modules/@types/npm-events-package": {
      "name": "@types/events",
      "version": "3.0.3",
      "resolved": "https://registry.npmjs.org/@types/events/-/events-3.0.3.tgz",
      "integrity": "sha512-trOc4AAUThEz9hapPtSd7wf5tiQKvTtu5b371UxXdTuqzIh0ArcRspRP0i0Viu+LXstIQ1z96t1nsPxT9ol01g==",
      "license": "MIT"
    },
    "node_modules/awaitqueue": {
      "version": "3.0.2",
      "resolved": "https://registry.npmjs.org/awaitqueue/-/awaitqueue-3.0.2.tgz",
      "integrity": "sha512-AVAtRwmf0DNSesMdyanFKKejTrOnjdKtz5LIDQFu2OTUgXvB/CRTYMrkPAF/2GCF9XBtYVxSwxDORlD41S+RyQ==",
      "license": "ISC",
      "dependencies": {
        "debug": "^4.3.4"
      },
      "engines": {
        "node": ">=16"
      }
    },
    "node_modules/debug": {
      "version": "4.3.7",
      "resolved": "https://registry.npmjs.org/debug/-/debug-4.3.7.tgz",
      "integrity": "sha512-Er2nc/H7RrMXZBFCEim6TCmMk02Z8vLC2Rbi1KEBggpo0fS6l0S1nnapwmIi3yW/+GOJap1Krg4w0Hg80oCqgQ==",
      "license": "MIT",
      "dependencies": {
        "ms": "^2.1.3"
      },
      "engines": {
        "node": ">=6.0"
      },
      "peerDependenciesMeta": {
        "supports-color": {
          "optional": true
        }
      }
    },
    "node_modules/event-target-shim": {
      "version": "6.0.2",
      "resolved": "https://registry.npmjs.org/event-target-shim/-/event-target-shim-6.0.2.tgz",
      "integrity": "sha512-8q3LsZjRezbFZ2PN+uP+Q7pnHUMmAOziU2vA2OwoFaKIXxlxl38IylhSSgUorWu/rf4er67w0ikBqjBFk/pomA==",
      "license": "MIT",
      "engines": {
        "node": ">=10.13.0"
      },
      "funding": {
        "url": "https://github.com/sponsors/mysticatea"
      }
    },
    "node_modules/fake-mediastreamtrack": {
      "version": "1.2.0",
      "resolved": "https://registry.npmjs.org/fake-mediastreamtrack/-/fake-mediastreamtrack-1.2.0.tgz",
      "integrity": "sha512-AxHtlEmka1sqNoe3Ej1H1hJc9gjjO/6vCbCPm4D4QeEXvzhjYumA+iZ7wOi2WrmkAhGElHhBgWoNgJhFccectA==",
      "license": "ISC",
      "dependencies": {
        "event-target-shim": "^6.0.2",
        "uuid": "^9.0.0"
      }
    },
    "node_modules/h264-profile-level-id": {
      "version": "2.0.0",
      "resolved": "https://registry.npmjs.org/h264-profile-level-id/-/h264-profile-level-id-2.0.0.tgz",
      "integrity": "sha512-X4CLryVbVA0CtjTExS4G5U1gb2Z4wa32AF8ukVmFuLdw2JRq2aHisor7SY5SYTUUrUSqq0KdPIO18sql6IWIQw==",
      "license": "ISC",
      "dependencies": {
        "@types/debug": "^4.1.12",
        "debug": "^4.3.4"
      },
      "engines": {
        "node": ">=16"
      },
      "funding": {
        "type": "opencollective",
        "url": "https://opencollective.com/mediasoup"
      }
    },
    "node_modules/mediasoup-client": {
      "version": "3.7.16",
      "resolved": "https://registry.npmjs.org/mediasoup-client/-/mediasoup-client-3.7.16.tgz",
      "integrity": "sha512-2em0km8GkPqSwdkGOnUAEu+CH07a7W7qEOwsZUTweEs08+b75DFlBLuR3hAHSNwv8oSURgQ6S/2XnGshAqP3+A==",
      "license": "ISC",
      "dependencies": {
        "@types/debug": "^4.1.12",
        "@types/npm-events-package": "npm:@types/events@^3.0.3",
        "awaitqueue": "^3.0.2",
        "debug": "^4.3.6",
        "fake-mediastreamtrack": "^1.2.0",
        "h264-profile-level-id": "^2.0.0",
        "npm-events-package": "npm:events@^3.3.0",
        "queue-microtask": "^1.2.3",
        "sdp-transform": "^2.14.2",
        "supports-color": "^9.4.0",
        "ua-parser-js": "^1.0.38"
      },
      "engines": {
        "node": ">=18"
      },
      "funding": {
        "type": "opencollective",
        "url": "https://opencollective.com/mediasoup"
      }
    },
    "node_modules/ms": {
      "version": "2.1.3",
      "resolved": "https://registry.npmjs.org/ms/-/ms-2.1.3.tgz",
      "integrity": "sha512-6FlzubTLZG3J2a/NVCAleEhjzq5oxgHyaCU9yYXvcLsvoVaHJq/s5xXI6/XXP6tz7R9xAOtHnSO/tXtF3WRTlA==",
      "license": "MIT"
    },
    "node_modules/npm-events-package": {
      "name": "events",
      "version": "3.3.0",
      "resolved": "https://registry.npmjs.org/events/-/events-3.3.0.tgz",
      "integrity": "sha512-mQw+2fkQbALzQ7V0MY0IqdnXNOeTtP4r0lN9z7AAawCXgqea7bDii20AYrIBrFd/Hx0M2Ocz6S111CaFkUcb0Q==",
      "license": "MIT",
      "engines": {
        "node": ">=0.8.x"
      }
    },
    "node_modules/queue-microtask": {
      "version": "1.2.3",
      "resolved": "https://registry.npmjs.org/queue-microtask/-/queue-microtask-1.2.3.tgz",
      "integrity": "sha512-NuaNSa6flKT5JaSYQzJok04JzTL1CA6aGhv5rfLW3PgqA+M2ChpZQnAC8h8i4ZFkBS8X5RqkDBHA7r4hej3K9A==",
      "funding": [
        {
          "type": "github",
          "url": "https://github.com/sponsors/feross"
        },
        {
          "type": "patreon",
          "url": "https://www.patreon.com/feross"
        },
        {
          "type": "consulting",
          "url": "https://feross.org/support"
        }
      ],
      "license": "MIT"
    },
    "node_modules/sdp-transform": {
      "version": "2.14.2",
      "resolved": "https://registry.npmjs.org/sdp-transform/-/sdp-transform-2.14.2.tgz",
      "integrity": "sha512-icY6jVao7MfKCieyo1AyxFYm1baiM+fA00qW/KrNNVlkxHAd34riEKuEkUe4bBb3gJwLJZM+xT60Yj1QL8rHiA==",
      "license": "MIT",
      "bin": {
        "sdp-verify": "checker.js"
      }
    },
    "node_modules/supports-color": {
      "version": "9.4.0",
      "resolved": "https://registry.npmjs.org/supports-color/-/supports-color-9.4.0.tgz",
      "integrity": "sha512-VL+lNrEoIXww1coLPOmiEmK/0sGigko5COxI09KzHc2VJXJsQ37UaQ+8quuxjDeA7+KnLGTWRyOXSLLR2Wb4jw==",
      "license": "MIT",
      "engines": {
        "node": ">=12"
      },
      "funding": {
        "url": "https://github.com/chalk/supports-color?sponsor=1"
      }
    },
    "node_modules/ua-parser-js": {
      "version": "1.0.39",
      "resolved": "https://registry.npmjs.org/ua-parser-js/-/ua-parser-js-1.0.39.tgz",
      "integrity": "sha512-k24RCVWlEcjkdOxYmVJgeD/0a1TiSpqLg+ZalVGV9lsnr4yqu0w7tX/x2xX6G4zpkgQnRf89lxuZ1wsbjXM8lw==",
      "funding": [
        {
          "type": "opencollective",
          "url": "https://opencollective.com/ua-parser-js"
        },
        {
          "type": "paypal",
          "url": "https://paypal.me/faisalman"
        },
        {
          "type": "github",
          "url": "https://github.com/sponsors/faisalman"
        }
      ],
      "license": "MIT",
      "bin": {
        "ua-parser-js": "script/cli.js"
      },
      "engines": {
        "node": "*"
      }
    },
    "node_modules/uuid": {
      "version": "9.0.1",
      "resolved": "https://registry.npmjs.org/uuid/-/uuid-9.0.1.tgz",
      "integrity": "sha512-b+1eJOlsR9K8HJpow9Ok3fiWOWSIcIzXodvv0rQjVoOVNpWMpxf1wZNpt4y9h10odCNrqnYp1OBzRktckBe3sA==",
      "funding": [
        "https://github.com/sponsors/broofa",
        "https://github.com/sponsors/ctavan"
      ],
      "license": "MIT",
      "bin": {
        "uuid": "dist/bin/uuid"
      }
    }
  }
}
